<?xml version="1.0" encoding="utf-8"?>
<Project ToolsVersion="4.0" xmlns="http://schemas.microsoft.com/developer/msbuild/2003">
  <ItemGroup>
    <ClCompile Include="Bitmap.cpp" />
    <ClCompile Include="Camera.cpp" />
    <ClCompile Include="Color.cpp" />
    <ClCompile Include="Cube.cpp" />
    <ClCompile Include="CylindreInfini.cpp" />
    <ClCompile Include="Entity.cpp" />
    <ClCompile Include="Light.cpp" />
    <ClCompile Include="Main.cpp" />
    <ClCompile Include="Material.cpp" />
    <ClCompile Include="Matrix.cpp" />
    <ClCompile Include="Object.cpp" />
    <ClCompile Include="Plan.cpp" />
    <ClCompile Include="Point.cpp" />
    <ClCompile Include="Ray.cpp" />
    <ClCompile Include="Scene.cpp" />
    <ClCompile Include="Sphere.cpp" />
    <ClCompile Include="Tracer.cpp" />
    <ClCompile Include="Triangle.cpp" />
    <ClCompile Include="Vector.cpp" />
  </ItemGroup>
  <ItemGroup>
    <ClInclude Include="Bitmap.h" />
    <ClInclude Include="Camera.hpp" />
    <ClInclude Include="Color.hpp" />
    <ClInclude Include="Cube.hpp" />
    <ClInclude Include="CylindreInfini.hpp" />
    <ClInclude Include="Entity.hpp" />
    <ClInclude Include="Light.hpp" />
    <ClInclude Include="Material.hpp" />
    <ClInclude Include="Matrix.hpp" />
    <ClInclude Include="Object.hpp" />
    <ClInclude Include="Plan.hpp" />
    <ClInclude Include="Point.hpp" />
    <ClInclude Include="Ray.hpp" />
    <ClInclude Include="Scene.hpp" />
    <ClInclude Include="Sphere.hpp" />
    <ClInclude Include="Tracer.hpp" />
    <ClInclude Include="Vector.hpp" />
    <ClInclude Include="Triangle.hpp" />
  </ItemGroup>
</Project>